{
  "version": "5",
  "specifiers": {
    "jsr:@hono/hono@^4.10.1": "4.10.1",
    "npm:@iiif/presentation-3@^2.2.3": "2.2.3",
    "npm:valibot@^1.1.0": "1.1.0"
  },
  "jsr": {
    "@hono/hono@4.10.1": {
      "integrity": "cea3f17677afcd84a654cd1633c136e6bb2220bfa512fdac56614bb97c39fdbf"
    }
  },
  "npm": {
    "@iiif/presentation-3@2.2.3": {
      "integrity": "sha512-xCLbUr9euqegsrxGe65M2fWbv6gKpiUhHXCpOn+V+qtawkMbOSNWbYOISo2aLQdYVg4DGYD0g2bMzSCF33uNOQ==",
      "dependencies": [
        "@types/geojson"
      ]
    },
    "@types/geojson@7946.0.16": {
      "integrity": "sha512-6C8nqWur3j98U6+lXDfTUWIfgvZU+EumvpHKcYjujKH7woYyLj2sUmff0tRhrqM7BohUw7Pz3ZB1jj2gW9Fvmg=="
    },
    "valibot@1.1.0": {
      "integrity": "sha512-Nk8lX30Qhu+9txPYTwM0cFlWLdPFsFr6LblzqIySfbZph9+BFsAHsNvHOymEviUepeIW6KFHzpX8TKhbptBXXw=="
    }
  },
  "workspace": {
    "dependencies": [
      "jsr:@hono/hono@^4.10.1",
      "npm:@iiif/presentation-3@^2.2.3",
      "npm:valibot@^1.1.0"
    ]
  }
}
